
Microsoft Visual Studio Solution File, Format Version 12.00
# Visual Studio Version 16
VisualStudioVersion = 16.0.32002.261
MinimumVisualStudioVersion = 10.0.40219.1
Project("{FAE04EC0-301F-11D3-BF4B-00C04F79EFBC}") = "Dragon death", "Dragon death\Dragon death.csproj", "{57CD6BB4-8BFA-4FBB-8CDB-9ED4301E4FE2}"
EndProject
Global
	GlobalSection(SolutionConfigurationPlatforms) = preSolution
		Debug|Any CPU = Debug|Any CPU
		Release|Any CPU = Release|Any CPU
	EndGlobalSection
	GlobalSection(ProjectConfigurationPlatforms) = postSolution
		{57CD6BB4-8BFA-4FBB-8CDB-9ED4301E4FE2}.Debug|Any CPU.ActiveCfg = Debug|Any CPU
		{57CD6BB4-8BFA-4FBB-8CDB-9ED4301E4FE2}.Debug|Any CPU.Build.0 = Debug|Any CPU
		{57CD6BB4-8BFA-4FBB-8CDB-9ED4301E4FE2}.Release|Any CPU.ActiveCfg = Release|Any CPU
		{57CD6BB4-8BFA-4FBB-8CDB-9ED4301E4FE2}.Release|Any CPU.Build.0 = Release|Any CPU
	EndGlobalSection
	GlobalSection(SolutionProperties) = preSolution
		HideSolutionNode = FALSE
	EndGlobalSection
	GlobalSection(ExtensibilityGlobals) = postSolution
		SolutionGuid = {8E829B92-F3C3-4102-9E0F-90E39D521677}
	EndGlobalSection
EndGlobal
